
Microsoft Visual Studio Solution File, Format Version 12.00
# Visual Studio Version 16
VisualStudioVersion = 16.0.29503.13
MinimumVisualStudioVersion = 10.0.40219.1
Project("{FAE04EC0-301F-11D3-BF4B-00C04F79EFBC}") = "Iterators", "Iterators\Iterators.csproj", "{153676FB-2881-4E83-88FA-63981FD75636}"
EndProject
Global
	GlobalSection(SolutionConfigurationPlatforms) = preSolution
		Debug|Any CPU = Debug|Any CPU
		Release|Any CPU = Release|Any CPU
	EndGlobalSection
	GlobalSection(ProjectConfigurationPlatforms) = postSolution
		{153676FB-2881-4E83-88FA-63981FD75636}.Debug|Any CPU.ActiveCfg = Debug|Any CPU
		{153676FB-2881-4E83-88FA-63981FD75636}.Debug|Any CPU.Build.0 = Debug|Any CPU
		{153676FB-2881-4E83-88FA-63981FD75636}.Release|Any CPU.ActiveCfg = Release|Any CPU
		{153676FB-2881-4E83-88FA-63981FD75636}.Release|Any CPU.Build.0 = Release|Any CPU
	EndGlobalSection
	GlobalSection(SolutionProperties) = preSolution
		HideSolutionNode = FALSE
	EndGlobalSection
	GlobalSection(ExtensibilityGlobals) = postSolution
		SolutionGuid = {9E473B7D-0EAB-4B3E-AFB3-720A2F1CFA00}
	EndGlobalSection
EndGlobal
